{
  "name": "mongo-lambda",
  "version": "1.0.0",
  "lockfileVersion": 1,
  "requires": true,
  "dependencies": {
    "@turf/bbox": {
      "version": "6.3.0",
      "resolved": "https://registry.npmjs.org/@turf/bbox/-/bbox-6.3.0.tgz",
      "integrity": "sha512-N4ue5Xopu1qieSHP2MA/CJGWHPKaTrVXQJjzHRNcY1vtsO126xbSaJhWUrFc5x5vVkXp0dcucGryO0r5m4o/KA==",
      "requires": {
        "@turf/helpers": "^6.3.0",
        "@turf/meta": "^6.3.0"
      }
    },
    "@turf/boolean-crosses": {
      "version": "6.3.0",
      "resolved": "https://registry.npmjs.org/@turf/boolean-crosses/-/boolean-crosses-6.3.0.tgz",
      "integrity": "sha512-ajCuNSSqQPN2p3Y1ERX4E/wEsNn5JANI2uNgGOpVAeNX48prQGCBANcG2FTMMB+WVqq9iIdQ4eB5mEg6I8TS4w==",
      "requires": {
        "@turf/boolean-point-in-polygon": "^6.3.0",
        "@turf/helpers": "^6.3.0",
        "@turf/invariant": "^6.3.0",
        "@turf/line-intersect": "^6.3.0",
        "@turf/polygon-to-line": "^6.3.0"
      }
    },
    "@turf/boolean-point-in-polygon": {
      "version": "6.3.0",
      "resolved": "https://registry.npmjs.org/@turf/boolean-point-in-polygon/-/boolean-point-in-polygon-6.3.0.tgz",
      "integrity": "sha512-NqFSsoE6OwhDK19IllDQRhEQEkF7UVEOlqH9vgS1fGg4T6NcyKvACJs05c9457tL7QSbV9ZS53f2qiLneFL+qg==",
      "requires": {
        "@turf/helpers": "^6.3.0",
        "@turf/invariant": "^6.3.0"
      }
    },
    "@turf/boolean-point-on-line": {
      "version": "6.3.0",
      "resolved": "https://registry.npmjs.org/@turf/boolean-point-on-line/-/boolean-point-on-line-6.3.0.tgz",
      "integrity": "sha512-eScH8sfKJVjfbEX5Hgkt1nA7A8DUoiYD1riUVqTp2xikujrMfnYRjFpL/UAo01v33cPKZlhCXp7NE86bdOSrYg==",
      "requires": {
        "@turf/helpers": "^6.3.0",
        "@turf/invariant": "^6.3.0"
      }
    },
    "@turf/boolean-within": {
      "version": "6.3.0",
      "resolved": "https://registry.npmjs.org/@turf/boolean-within/-/boolean-within-6.3.0.tgz",
      "integrity": "sha512-8XtVbzPp6J+lqZtDWVyIwSyVAVcnuie82ub56JEAhCf9w8FX5Db3qXQ76pFcOyy/woeXLZY/nIR58Q79PusrRw==",
      "requires": {
        "@turf/bbox": "^6.3.0",
        "@turf/boolean-point-in-polygon": "^6.3.0",
        "@turf/boolean-point-on-line": "^6.3.0",
        "@turf/helpers": "^6.3.0",
        "@turf/invariant": "^6.3.0"
      }
    },
    "@turf/helpers": {
      "version": "6.3.0",
      "resolved": "https://registry.npmjs.org/@turf/helpers/-/helpers-6.3.0.tgz",
      "integrity": "sha512-kr6KuD4Z0GZ30tblTEvi90rvvVNlKieXuMC8CTzE/rVQb0/f/Cb29zCXxTD7giQTEQY/P2nRW23wEqqyNHulCg=="
    },
    "@turf/intersect": {
      "version": "6.3.0",
      "resolved": "https://registry.npmjs.org/@turf/intersect/-/intersect-6.3.0.tgz",
      "integrity": "sha512-1YCIkyKjuTlX7HaTjtyE7ZRxLCmcu0BYr6jqoVl7TjyF2NUiNpPm3m4X1ZrSF6MfjIt5NFSGYCdNMEPgREq19w==",
      "requires": {
        "@turf/helpers": "^6.3.0",
        "@turf/invariant": "^6.3.0",
        "polygon-clipping": "^0.15.2"
      }
    },
    "@turf/invariant": {
      "version": "6.3.0",
      "resolved": "https://registry.npmjs.org/@turf/invariant/-/invariant-6.3.0.tgz",
      "integrity": "sha512-2OFOi9p+QOrcIMySEnr+WlOiKaFZ1bY56jA98YyECewJHfhPFWUBZEhc4nWGRT0ahK08Vus9+gcuBX8QIpCIIw==",
      "requires": {
        "@turf/helpers": "^6.3.0"
      }
    },
    "@turf/line-intersect": {
      "version": "6.3.0",
      "resolved": "https://registry.npmjs.org/@turf/line-intersect/-/line-intersect-6.3.0.tgz",
      "integrity": "sha512-3naxR7XpkPd2vst3Mw6DFry4C9m3o0/f2n/xu5UAyxb88Ie4m2k+1eqkhzMMx/0L+E6iThWpLx7DASM6q6o9ow==",
      "requires": {
        "@turf/helpers": "^6.3.0",
        "@turf/invariant": "^6.3.0",
        "@turf/line-segment": "^6.3.0",
        "@turf/meta": "^6.3.0",
        "geojson-rbush": "3.x"
      }
    },
    "@turf/line-segment": {
      "version": "6.3.0",
      "resolved": "https://registry.npmjs.org/@turf/line-segment/-/line-segment-6.3.0.tgz",
      "integrity": "sha512-M+aDy83V+E7jYWNaf+b+A88yhnMrJhyg/lhAj6mU6UeB2PbruXB2qgSmmVDSE2dIknOvZZuIWNzEzUI07RO2kw==",
      "requires": {
        "@turf/helpers": "^6.3.0",
        "@turf/invariant": "^6.3.0",
        "@turf/meta": "^6.3.0"
      }
    },
    "@turf/meta": {
      "version": "6.3.0",
      "resolved": "https://registry.npmjs.org/@turf/meta/-/meta-6.3.0.tgz",
      "integrity": "sha512-qBJjaAJS9H3ap0HlGXyF/Bzfl0qkA9suafX/jnDsZvWMfVLt+s+o6twKrXOGk5t7nnNON2NFRC8+czxpu104EQ==",
      "requires": {
        "@turf/helpers": "^6.3.0"
      }
    },
    "@turf/polygon-to-line": {
      "version": "6.3.0",
      "resolved": "https://registry.npmjs.org/@turf/polygon-to-line/-/polygon-to-line-6.3.0.tgz",
      "integrity": "sha512-KFGlQlGOBayBvELz+tip1zCa3eB8xyZePZUZ3I3OnU7mk0FFzJzvLTmPUc7MupgqORT4LkNGmyKSVWaz38NTig==",
      "requires": {
        "@turf/helpers": "^6.3.0",
        "@turf/invariant": "^6.3.0"
      }
    },
    "async": {
      "version": "1.5.2",
      "resolved": "https://registry.npmjs.org/async/-/async-1.5.2.tgz",
      "integrity": "sha1-7GphrlZIDAw8skHJVhjiCJL5Zyo="
    },
    "bowser": {
      "version": "0.7.3",
      "resolved": "https://registry.npmjs.org/bowser/-/bowser-0.7.3.tgz",
      "integrity": "sha1-T8DLTg4r3Zs5TfDSA4wywswnEsg="
    },
    "geojson-rbush": {
      "version": "3.1.2",
      "resolved": "https://registry.npmjs.org/geojson-rbush/-/geojson-rbush-3.1.2.tgz",
      "integrity": "sha512-grkfdg3HIeTjwTfiJe5FT8+fGU3fABCc+vRJDBwdQz9kkLF0Sbif2gs2JUzjewwgmnvLGy9fInySDeADoNuk7w==",
      "requires": {
        "@turf/bbox": "*",
        "@turf/helpers": "6.x",
        "@turf/meta": "6.x",
        "rbush": "^2.0.0"
      }
    },
    "idb-wrapper": {
      "version": "1.7.2",
      "resolved": "https://registry.npmjs.org/idb-wrapper/-/idb-wrapper-1.7.2.tgz",
      "integrity": "sha512-zfNREywMuf0NzDo9mVsL0yegjsirJxHpKHvWcyRozIqQy89g0a3U+oBPOCN4cc0oCiOuYgZHimzaW/R46G1Mpg=="
    },
    "jquery": {
      "version": "3.6.0",
      "resolved": "https://registry.npmjs.org/jquery/-/jquery-3.6.0.tgz",
      "integrity": "sha512-JVzAR/AjBvVt2BmYhxRCSYysDsPcssdmTFnzyLEts9qNwmjmu4JTAMYubEfwVOSwpQ1I1sKKFcxhZCI2buerfw=="
    },
    "js-sha1": {
      "version": "0.6.0",
      "resolved": "https://registry.npmjs.org/js-sha1/-/js-sha1-0.6.0.tgz",
      "integrity": "sha512-01gwBFreYydzmU9BmZxpVk6svJJHrVxEN3IOiGl6VO93bVKYETJ0sIth6DASI6mIFdt7NmfX9UiByRzsYHGU9w=="
    },
    "lodash": {
      "version": "3.10.1",
      "resolved": "https://registry.npmjs.org/lodash/-/lodash-3.10.1.tgz",
      "integrity": "sha1-W/Rejkm6QYnhfUgnid/RW9FAt7Y="
    },
    "minimongo": {
      "version": "6.8.2",
      "resolved": "https://registry.npmjs.org/minimongo/-/minimongo-6.8.2.tgz",
      "integrity": "sha512-0IIPlSzovBvGkAxmR/JSg8RhstGfr+WT1uHJSdm1BMaKTauZE906lWN/7nkuHqHTsxZQZTmnK3qr+2DN3QNkgw==",
      "requires": {
        "@turf/boolean-crosses": "^6.0.1",
        "@turf/boolean-point-in-polygon": "^6.0.1",
        "@turf/boolean-within": "^6.0.1",
        "@turf/intersect": "^6.1.3",
        "async": "^1.4.2",
        "bowser": "^0.7.1",
        "idb-wrapper": "^1.4.1",
        "jquery": "^3.3.1",
        "js-sha1": "^0.6.0",
        "lodash": "^3.10.1"
      }
    },
    "polygon-clipping": {
      "version": "0.15.2",
      "resolved": "https://registry.npmjs.org/polygon-clipping/-/polygon-clipping-0.15.2.tgz",
      "integrity": "sha512-qsUFQSY4nA++1/b76dy0BJGwL0FZAk05Y4hZprctLIhAddE8KUUr3TxIF4sAxIQtjH9xvaBe3raaRQrcSI4wlA==",
      "requires": {
        "splaytree": "^3.1.0"
      }
    },
    "quickselect": {
      "version": "1.1.1",
      "resolved": "https://registry.npmjs.org/quickselect/-/quickselect-1.1.1.tgz",
      "integrity": "sha512-qN0Gqdw4c4KGPsBOQafj6yj/PA6c/L63f6CaZ/DCF/xF4Esu3jVmKLUDYxghFx8Kb/O7y9tI7x2RjTSXwdK1iQ=="
    },
    "rbush": {
      "version": "2.0.2",
      "resolved": "https://registry.npmjs.org/rbush/-/rbush-2.0.2.tgz",
      "integrity": "sha512-XBOuALcTm+O/H8G90b6pzu6nX6v2zCKiFG4BJho8a+bY6AER6t8uQUZdi5bomQc0AprCWhEGa7ncAbbRap0bRA==",
      "requires": {
        "quickselect": "^1.0.1"
      }
    },
    "splaytree": {
      "version": "3.1.0",
      "resolved": "https://registry.npmjs.org/splaytree/-/splaytree-3.1.0.tgz",
      "integrity": "sha512-gvUGR7xnOy0fLKTCxDeUZYgU/I1Tdf8M/lM1Qrf8L2TIOR5ipZjGk02uYcdv0o2x7WjVRgpm3iS2clLyuVAt0Q=="
    }
  }
}